
Microsoft Visual Studio Solution File, Format Version 12.00
# Visual Studio Version 17
VisualStudioVersion = 17.11.35017.193
MinimumVisualStudioVersion = 10.0.40219.1
Project("{FAE04EC0-301F-11D3-BF4B-00C04F79EFBC}") = "Task1QQQ", "Task1QQQ\Task1QQQ.csproj", "{2603AD58-433A-4E53-898A-849AAE6F23BD}"
EndProject
Global
	GlobalSection(SolutionConfigurationPlatforms) = preSolution
		Debug|Any CPU = Debug|Any CPU
		Release|Any CPU = Release|Any CPU
	EndGlobalSection
	GlobalSection(ProjectConfigurationPlatforms) = postSolution
		{2603AD58-433A-4E53-898A-849AAE6F23BD}.Debug|Any CPU.ActiveCfg = Debug|Any CPU
		{2603AD58-433A-4E53-898A-849AAE6F23BD}.Debug|Any CPU.Build.0 = Debug|Any CPU
		{2603AD58-433A-4E53-898A-849AAE6F23BD}.Release|Any CPU.ActiveCfg = Release|Any CPU
		{2603AD58-433A-4E53-898A-849AAE6F23BD}.Release|Any CPU.Build.0 = Release|Any CPU
	EndGlobalSection
	GlobalSection(SolutionProperties) = preSolution
		HideSolutionNode = FALSE
	EndGlobalSection
	GlobalSection(ExtensibilityGlobals) = postSolution
		SolutionGuid = {D4C034AE-8E76-459F-837E-6E53D32CD9F3}
	EndGlobalSection
EndGlobal
